
Microsoft Visual Studio Solution File, Format Version 12.00
# Visual Studio Version 17
VisualStudioVersion = 17.3.32922.545
MinimumVisualStudioVersion = 10.0.40219.1
Project("{9A19103F-16F7-4668-BE54-9A1E7A4F7556}") = "CollectionBindingExample", "CollectionBindingExample\CollectionBindingExample.csproj", "{DC1EA5D3-3C8B-4DD2-BE25-014F9FF942B9}"
EndProject
Global
	GlobalSection(SolutionConfigurationPlatforms) = preSolution
		Debug|Any CPU = Debug|Any CPU
		Release|Any CPU = Release|Any CPU
	EndGlobalSection
	GlobalSection(ProjectConfigurationPlatforms) = postSolution
		{DC1EA5D3-3C8B-4DD2-BE25-014F9FF942B9}.Debug|Any CPU.ActiveCfg = Debug|Any CPU
		{DC1EA5D3-3C8B-4DD2-BE25-014F9FF942B9}.Debug|Any CPU.Build.0 = Debug|Any CPU
		{DC1EA5D3-3C8B-4DD2-BE25-014F9FF942B9}.Release|Any CPU.ActiveCfg = Release|Any CPU
		{DC1EA5D3-3C8B-4DD2-BE25-014F9FF942B9}.Release|Any CPU.Build.0 = Release|Any CPU
	EndGlobalSection
	GlobalSection(SolutionProperties) = preSolution
		HideSolutionNode = FALSE
	EndGlobalSection
	GlobalSection(ExtensibilityGlobals) = postSolution
		SolutionGuid = {2DEA0B85-4500-4BF9-95A0-080EF39FA1B1}
	EndGlobalSection
EndGlobal
